// !$*UTF8*$!
{
	archiveVersion = 1;
	classes = {
	};
	objectVersion = 77;
	objects = {

/* Begin PBXContainerItemProxy section */
		947BD21E2CD8087600DF4E89 /* PBXContainerItemProxy */ = {
			isa = PBXContainerItemProxy;
			containerPortal = 947BD2052CD8087400DF4E89 /* Project object */;
			proxyType = 1;
			remoteGlobalIDString = 947BD20C2CD8087400DF4E89;
			remoteInfo = NavigationTesting;
		};
		947BD2282CD8087600DF4E89 /* PBXContainerItemProxy */ = {
			isa = PBXContainerItemProxy;
			containerPortal = 947BD2052CD8087400DF4E89 /* Project object */;
			proxyType = 1;
			remoteGlobalIDString = 947BD20C2CD8087400DF4E89;
			remoteInfo = NavigationTesting;
		};
/* End PBXContainerItemProxy section */

/* Begin PBXFileReference section */
		947BD20D2CD8087400DF4E89 /* NavigationTesting.app */ = {isa = PBXFileReference; explicitFileType = wrapper.application; includeInIndex = 0; path = NavigationTesting.app; sourceTree = BUILT_PRODUCTS_DIR; };
		947BD21D2CD8087600DF4E89 /* NavigationTestingTests.xctest */ = {isa = PBXFileReference; explicitFileType = wrapper.cfbundle; includeInIndex = 0; path = NavigationTestingTests.xctest; sourceTree = BUILT_PRODUCTS_DIR; };
		947BD2272CD8087600DF4E89 /* NavigationTestingUITests.xctest */ = {isa = PBXFileReference; explicitFileType = wrapper.cfbundle; includeInIndex = 0; path = NavigationTestingUITests.xctest; sourceTree = BUILT_PRODUCTS_DIR; };
/* End PBXFileReference section */

/* Begin PBXFileSystemSynchronizedRootGroup section */
		947BD20F2CD8087400DF4E89 /* NavigationTesting */ = {
			isa = PBXFileSystemSynchronizedRootGroup;
			path = NavigationTesting;
			sourceTree = "<group>";
		};
		947BD2202CD8087600DF4E89 /* NavigationTestingTests */ = {
			isa = PBXFileSystemSynchronizedRootGroup;
			path = NavigationTestingTests;
			sourceTree = "<group>";
		};
		947BD22A2CD8087600DF4E89 /* NavigationTestingUITests */ = {
			isa = PBXFileSystemSynchronizedRootGroup;
			path = NavigationTestingUITests;
			sourceTree = "<group>";
		};
/* End PBXFileSystemSynchronizedRootGroup section */

/* Begin PBXFrameworksBuildPhase section */
		947BD20A2CD8087400DF4E89 /* Frameworks */ = {
			isa = PBXFrameworksBuildPhase;
			buildActionMask = 2147483647;
			files = (
			);
			runOnlyForDeploymentPostprocessing = 0;
		};
		947BD21A2CD8087600DF4E89 /* Frameworks */ = {
			isa = PBXFrameworksBuildPhase;
			buildActionMask = 2147483647;
			files = (
			);
			runOnlyForDeploymentPostprocessing = 0;
		};
		947BD2242CD8087600DF4E89 /* Frameworks */ = {
			isa = PBXFrameworksBuildPhase;
			buildActionMask = 2147483647;
			files = (
			);
			runOnlyForDeploymentPostprocessing = 0;
		};
/* End PBXFrameworksBuildPhase section */

/* Begin PBXGroup section */
		947BD2042CD8087400DF4E89 = {
			isa = PBXGroup;
			children = (
				947BD20F2CD8087400DF4E89 /* NavigationTesting */,
				947BD2202CD8087600DF4E89 /* NavigationTestingTests */,
				947BD22A2CD8087600DF4E89 /* NavigationTestingUITests */,
				947BD20E2CD8087400DF4E89 /* Products */,
			);
			sourceTree = "<group>";
		};
		947BD20E2CD8087400DF4E89 /* Products */ = {
			isa = PBXGroup;
			children = (
				947BD20D2CD8087400DF4E89 /* NavigationTesting.app */,
				947BD21D2CD8087600DF4E89 /* NavigationTestingTests.xctest */,
				947BD2272CD8087600DF4E89 /* NavigationTestingUITests.xctest */,
			);
			name = Products;
			sourceTree = "<group>";
		};
/* End PBXGroup section */

/* Begin PBXNativeTarget section */
		947BD20C2CD8087400DF4E89 /* NavigationTesting */ = {
			isa = PBXNativeTarget;
			buildConfigurationList = 947BD2312CD8087600DF4E89 /* Build configuration list for PBXNativeTarget "NavigationTesting" */;
			buildPhases = (
				947BD2092CD8087400DF4E89 /* Sources */,
				947BD20A2CD8087400DF4E89 /* Frameworks */,
				947BD20B2CD8087400DF4E89 /* Resources */,
			);
			buildRules = (
			);
			dependencies = (
			);
			fileSystemSynchronizedGroups = (
				947BD20F2CD8087400DF4E89 /* NavigationTesting */,
			);
			name = NavigationTesting;
			packageProductDependencies = (
			);
			productName = NavigationTesting;
			productReference = 947BD20D2CD8087400DF4E89 /* NavigationTesting.app */;
			productType = "com.apple.product-type.application";
		};
		947BD21C2CD8087600DF4E89 /* NavigationTestingTests */ = {
			isa = PBXNativeTarget;
			buildConfigurationList = 947BD2342CD8087600DF4E89 /* Build configuration list for PBXNativeTarget "NavigationTestingTests" */;
			buildPhases = (
				947BD2192CD8087600DF4E89 /* Sources */,
				947BD21A2CD8087600DF4E89 /* Frameworks */,
				947BD21B2CD8087600DF4E89 /* Resources */,
			);
			buildRules = (
			);
			dependencies = (
				947BD21F2CD8087600DF4E89 /* PBXTargetDependency */,
			);
			fileSystemSynchronizedGroups = (
				947BD2202CD8087600DF4E89 /* NavigationTestingTests */,
			);
			name = NavigationTestingTests;
			packageProductDependencies = (
			);
			productName = NavigationTestingTests;
			productReference = 947BD21D2CD8087600DF4E89 /* NavigationTestingTests.xctest */;
			productType = "com.apple.product-type.bundle.unit-test";
		};
		947BD2262CD8087600DF4E89 /* NavigationTestingUITests */ = {
			isa = PBXNativeTarget;
			buildConfigurationList = 947BD2372CD8087600DF4E89 /* Build configuration list for PBXNativeTarget "NavigationTestingUITests" */;
			buildPhases = (
				947BD2232CD8087600DF4E89 /* Sources */,
				947BD2242CD8087600DF4E89 /* Frameworks */,
				947BD2252CD8087600DF4E89 /* Resources */,
			);
			buildRules = (
			);
			dependencies = (
				947BD2292CD8087600DF4E89 /* PBXTargetDependency */,
			);
			fileSystemSynchronizedGroups = (
				947BD22A2CD8087600DF4E89 /* NavigationTestingUITests */,
			);
			name = NavigationTestingUITests;
			packageProductDependencies = (
			);
			productName = NavigationTestingUITests;
			productReference = 947BD2272CD8087600DF4E89 /* NavigationTestingUITests.xctest */;
			productType = "com.apple.product-type.bundle.ui-testing";
		};
/* End PBXNativeTarget section */

/* Begin PBXProject section */
		947BD2052CD8087400DF4E89 /* Project object */ = {
			isa = PBXProject;
			attributes = {
				BuildIndependentTargetsInParallel = 1;
				LastSwiftUpdateCheck = 1610;
				LastUpgradeCheck = 1610;
				TargetAttributes = {
					947BD20C2CD8087400DF4E89 = {
						CreatedOnToolsVersion = 16.1;
					};
					947BD21C2CD8087600DF4E89 = {
						CreatedOnToolsVersion = 16.1;
						TestTargetID = 947BD20C2CD8087400DF4E89;
					};
					947BD2262CD8087600DF4E89 = {
						CreatedOnToolsVersion = 16.1;
						TestTargetID = 947BD20C2CD8087400DF4E89;
					};
				};
			};
			buildConfigurationList = 947BD2082CD8087400DF4E89 /* Build configuration list for PBXProject "NavigationTesting" */;
			developmentRegion = en;
			hasScannedForEncodings = 0;
			knownRegions = (
				en,
				Base,
			);
			mainGroup = 947BD2042CD8087400DF4E89;
			minimizedProjectReferenceProxies = 1;
			preferredProjectObjectVersion = 77;
			productRefGroup = 947BD20E2CD8087400DF4E89 /* Products */;
			projectDirPath = "";
			projectRoot = "";
			targets = (
				947BD20C2CD8087400DF4E89 /* NavigationTesting */,
				947BD21C2CD8087600DF4E89 /* NavigationTestingTests */,
				947BD2262CD8087600DF4E89 /* NavigationTestingUITests */,
			);
		};
/* End PBXProject section */

/* Begin PBXResourcesBuildPhase section */
		947BD20B2CD8087400DF4E89 /* Resources */ = {
			isa = PBXResourcesBuildPhase;
			buildActionMask = 2147483647;
			files = (
			);
			runOnlyForDeploymentPostprocessing = 0;
		};
		947BD21B2CD8087600DF4E89 /* Resources */ = {
			isa = PBXResourcesBuildPhase;
			buildActionMask = 2147483647;
			files = (
			);
			runOnlyForDeploymentPostprocessing = 0;
		};
		947BD2252CD8087600DF4E89 /* Resources */ = {
			isa = PBXResourcesBuildPhase;
			buildActionMask = 2147483647;
			files = (
			);
			runOnlyForDeploymentPostprocessing = 0;
		};
/* End PBXResourcesBuildPhase section */

/* Begin PBXSourcesBuildPhase section */
		947BD2092CD8087400DF4E89 /* Sources */ = {
			isa = PBXSourcesBuildPhase;
			buildActionMask = 2147483647;
			files = (
			);
			runOnlyForDeploymentPostprocessing = 0;
		};
		947BD2192CD8087600DF4E89 /* Sources */ = {
			isa = PBXSourcesBuildPhase;
			buildActionMask = 2147483647;
			files = (
			);
			runOnlyForDeploymentPostprocessing = 0;
		};
		947BD2232CD8087600DF4E89 /* Sources */ = {
			isa = PBXSourcesBuildPhase;
			buildActionMask = 2147483647;
			files = (
			);
			runOnlyForDeploymentPostprocessing = 0;
		};
/* End PBXSourcesBuildPhase section */

/* Begin PBXTargetDependency section */
		947BD21F2CD8087600DF4E89 /* PBXTargetDependency */ = {
			isa = PBXTargetDependency;
			target = 947BD20C2CD8087400DF4E89 /* NavigationTesting */;
			targetProxy = 947BD21E2CD8087600DF4E89 /* PBXContainerItemProxy */;
		};
		947BD2292CD8087600DF4E89 /* PBXTargetDependency */ = {
			isa = PBXTargetDependency;
			target = 947BD20C2CD8087400DF4E89 /* NavigationTesting */;
			targetProxy = 947BD2282CD8087600DF4E89 /* PBXContainerItemProxy */;
		};
/* End PBXTargetDependency section */

/* Begin XCBuildConfiguration section */
		947BD22F2CD8087600DF4E89 /* Debug */ = {
			isa = XCBuildConfiguration;
			buildSettings = {
				ALWAYS_SEARCH_USER_PATHS = NO;
				ASSETCATALOG_COMPILER_GENERATE_SWIFT_ASSET_SYMBOL_EXTENSIONS = YES;
				CLANG_ANALYZER_NONNULL = YES;
				CLANG_ANALYZER_NUMBER_OBJECT_CONVERSION = YES_AGGRESSIVE;
				CLANG_CXX_LANGUAGE_STANDARD = "gnu++20";
				CLANG_ENABLE_MODULES = YES;
				CLANG_ENABLE_OBJC_ARC = YES;
				CLANG_ENABLE_OBJC_WEAK = YES;
				CLANG_WARN_BLOCK_CAPTURE_AUTORELEASING = YES;
				CLANG_WARN_BOOL_CONVERSION = YES;
				CLANG_WARN_COMMA = YES;
				CLANG_WARN_CONSTANT_CONVERSION = YES;
				CLANG_WARN_DEPRECATED_OBJC_IMPLEMENTATIONS = YES;
				CLANG_WARN_DIRECT_OBJC_ISA_USAGE = YES_ERROR;
				CLANG_WARN_DOCUMENTATION_COMMENTS = YES;
				CLANG_WARN_EMPTY_BODY = YES;
				CLANG_WARN_ENUM_CONVERSION = YES;
				CLANG_WARN_INFINITE_RECURSION = YES;
				CLANG_WARN_INT_CONVERSION = YES;
				CLANG_WARN_NON_LITERAL_NULL_CONVERSION = YES;
				CLANG_WARN_OBJC_IMPLICIT_RETAIN_SELF = YES;
				CLANG_WARN_OBJC_LITERAL_CONVERSION = YES;
				CLANG_WARN_OBJC_ROOT_CLASS = YES_ERROR;
				CLANG_WARN_QUOTED_INCLUDE_IN_FRAMEWORK_HEADER = YES;
				CLANG_WARN_RANGE_LOOP_ANALYSIS = YES;
				CLANG_WARN_STRICT_PROTOTYPES = YES;
				CLANG_WARN_SUSPICIOUS_MOVE = YES;
				CLANG_WARN_UNGUARDED_AVAILABILITY = YES_AGGRESSIVE;
				CLANG_WARN_UNREACHABLE_CODE = YES;
				CLANG_WARN__DUPLICATE_METHOD_MATCH = YES;
				COPY_PHASE_STRIP = NO;
				DEBUG_INFORMATION_FORMAT = dwarf;
				ENABLE_STRICT_OBJC_MSGSEND = YES;
				ENABLE_TESTABILITY = YES;
				ENABLE_USER_SCRIPT_SANDBOXING = YES;
				GCC_C_LANGUAGE_STANDARD = gnu17;
				GCC_DYNAMIC_NO_PIC = NO;
				GCC_NO_COMMON_BLOCKS = YES;
				GCC_OPTIMIZATION_LEVEL = 0;
				GCC_PREPROCESSOR_DEFINITIONS = (
					"DEBUG=1",
					"$(inherited)",
				);
				GCC_WARN_64_TO_32_BIT_CONVERSION = YES;
				GCC_WARN_ABOUT_RETURN_TYPE = YES_ERROR;
				GCC_WARN_UNDECLARED_SELECTOR = YES;
				GCC_WARN_UNINITIALIZED_AUTOS = YES_AGGRESSIVE;
				GCC_WARN_UNUSED_FUNCTION = YES;
				GCC_WARN_UNUSED_VARIABLE = YES;
				IPHONEOS_DEPLOYMENT_TARGET = 18.1;
				LOCALIZATION_PREFERS_STRING_CATALOGS = YES;
				MTL_ENABLE_DEBUG_INFO = INCLUDE_SOURCE;
				MTL_FAST_MATH = YES;
				ONLY_ACTIVE_ARCH = YES;
				SDKROOT = iphoneos;
				SWIFT_ACTIVE_COMPILATION_CONDITIONS = "DEBUG $(inherited)";
				SWIFT_OPTIMIZATION_LEVEL = "-Onone";
			};
			name = Debug;
		};
		947BD2302CD8087600DF4E89 /* Release */ = {
			isa = XCBuildConfiguration;
			buildSettings = {
				ALWAYS_SEARCH_USER_PATHS = NO;
				ASSETCATALOG_COMPILER_GENERATE_SWIFT_ASSET_SYMBOL_EXTENSIONS = YES;
				CLANG_ANALYZER_NONNULL = YES;
				CLANG_ANALYZER_NUMBER_OBJECT_CONVERSION = YES_AGGRESSIVE;
				CLANG_CXX_LANGUAGE_STANDARD = "gnu++20";
				CLANG_ENABLE_MODULES = YES;
				CLANG_ENABLE_OBJC_ARC = YES;
				CLANG_ENABLE_OBJC_WEAK = YES;
				CLANG_WARN_BLOCK_CAPTURE_AUTORELEASING = YES;
				CLANG_WARN_BOOL_CONVERSION = YES;
				CLANG_WARN_COMMA = YES;
				CLANG_WARN_CONSTANT_CONVERSION = YES;
				CLANG_WARN_DEPRECATED_OBJC_IMPLEMENTATIONS = YES;
				CLANG_WARN_DIRECT_OBJC_ISA_USAGE = YES_ERROR;
				CLANG_WARN_DOCUMENTATION_COMMENTS = YES;
				CLANG_WARN_EMPTY_BODY = YES;
				CLANG_WARN_ENUM_CONVERSION = YES;
				CLANG_WARN_INFINITE_RECURSION = YES;
				CLANG_WARN_INT_CONVERSION = YES;
				CLANG_WARN_NON_LITERAL_NULL_CONVERSION = YES;
				CLANG_WARN_OBJC_IMPLICIT_RETAIN_SELF = YES;
				CLANG_WARN_OBJC_LITERAL_CONVERSION = YES;
				CLANG_WARN_OBJC_ROOT_CLASS = YES_ERROR;
				CLANG_WARN_QUOTED_INCLUDE_IN_FRAMEWORK_HEADER = YES;
				CLANG_WARN_RANGE_LOOP_ANALYSIS = YES;
				CLANG_WARN_STRICT_PROTOTYPES = YES;
				CLANG_WARN_SUSPICIOUS_MOVE = YES;
				CLANG_WARN_UNGUARDED_AVAILABILITY = YES_AGGRESSIVE;
				CLANG_WARN_UNREACHABLE_CODE = YES;
				CLANG_WARN__DUPLICATE_METHOD_MATCH = YES;
				COPY_PHASE_STRIP = NO;
				DEBUG_INFORMATION_FORMAT = "dwarf-with-dsym";
				ENABLE_NS_ASSERTIONS = NO;
				ENABLE_STRICT_OBJC_MSGSEND = YES;
				ENABLE_USER_SCRIPT_SANDBOXING = YES;
				GCC_C_LANGUAGE_STANDARD = gnu17;
				GCC_NO_COMMON_BLOCKS = YES;
				GCC_WARN_64_TO_32_BIT_CONVERSION = YES;
				GCC_WARN_ABOUT_RETURN_TYPE = YES_ERROR;
				GCC_WARN_UNDECLARED_SELECTOR = YES;
				GCC_WARN_UNINITIALIZED_AUTOS = YES_AGGRESSIVE;
				GCC_WARN_UNUSED_FUNCTION = YES;
				GCC_WARN_UNUSED_VARIABLE = YES;
				IPHONEOS_DEPLOYMENT_TARGET = 18.1;
				LOCALIZATION_PREFERS_STRING_CATALOGS = YES;
				MTL_ENABLE_DEBUG_INFO = NO;
				MTL_FAST_MATH = YES;
				SDKROOT = iphoneos;
				SWIFT_COMPILATION_MODE = wholemodule;
				VALIDATE_PRODUCT = YES;
			};
			name = Release;
		};
		947BD2322CD8087600DF4E89 /* Debug */ = {
			isa = XCBuildConfiguration;
			buildSettings = {
				ASSETCATALOG_COMPILER_APPICON_NAME = AppIcon;
				ASSETCATALOG_COMPILER_GLOBAL_ACCENT_COLOR_NAME = AccentColor;
				CODE_SIGN_STYLE = Automatic;
				CURRENT_PROJECT_VERSION = 1;
				DEVELOPMENT_ASSET_PATHS = "\"NavigationTesting/Preview Content\"";
				ENABLE_PREVIEWS = YES;
				GENERATE_INFOPLIST_FILE = YES;
				INFOPLIST_KEY_UIApplicationSceneManifest_Generation = YES;
				INFOPLIST_KEY_UIApplicationSupportsIndirectInputEvents = YES;
				INFOPLIST_KEY_UILaunchScreen_Generation = YES;
				INFOPLIST_KEY_UISupportedInterfaceOrientations_iPad = "UIInterfaceOrientationPortrait UIInterfaceOrientationPortraitUpsideDown UIInterfaceOrientationLandscapeLeft UIInterfaceOrientationLandscapeRight";
				INFOPLIST_KEY_UISupportedInterfaceOrientations_iPhone = "UIInterfaceOrientationPortrait UIInterfaceOrientationLandscapeLeft UIInterfaceOrientationLandscapeRight";
				LD_RUNPATH_SEARCH_PATHS = (
					"$(inherited)",
					"@executable_path/Frameworks",
				);
				MARKETING_VERSION = 1.0;
				PRODUCT_BUNDLE_IDENTIFIER = HaphazardDevelopment.NavigationTesting;
				PRODUCT_NAME = "$(TARGET_NAME)";
				SWIFT_EMIT_LOC_STRINGS = YES;
				SWIFT_VERSION = 5.0;
				TARGETED_DEVICE_FAMILY = "1,2";
			};
			name = Debug;
		};
		947BD2332CD8087600DF4E89 /* Release */ = {
			isa = XCBuildConfiguration;
			buildSettings = {
				ASSETCATALOG_COMPILER_APPICON_NAME = AppIcon;
				ASSETCATALOG_COMPILER_GLOBAL_ACCENT_COLOR_NAME = AccentColor;
				CODE_SIGN_STYLE = Automatic;
				CURRENT_PROJECT_VERSION = 1;
				DEVELOPMENT_ASSET_PATHS = "\"NavigationTesting/Preview Content\"";
				ENABLE_PREVIEWS = YES;
				GENERATE_INFOPLIST_FILE = YES;
				INFOPLIST_KEY_UIApplicationSceneManifest_Generation = YES;
				INFOPLIST_KEY_UIApplicationSupportsIndirectInputEvents = YES;
				INFOPLIST_KEY_UILaunchScreen_Generation = YES;
				INFOPLIST_KEY_UISupportedInterfaceOrientations_iPad = "UIInterfaceOrientationPortrait UIInterfaceOrientationPortraitUpsideDown UIInterfaceOrientationLandscapeLeft UIInterfaceOrientationLandscapeRight";
				INFOPLIST_KEY_UISupportedInterfaceOrientations_iPhone = "UIInterfaceOrientationPortrait UIInterfaceOrientationLandscapeLeft UIInterfaceOrientationLandscapeRight";
				LD_RUNPATH_SEARCH_PATHS = (
					"$(inherited)",
					"@executable_path/Frameworks",
				);
				MARKETING_VERSION = 1.0;
				PRODUCT_BUNDLE_IDENTIFIER = HaphazardDevelopment.NavigationTesting;
				PRODUCT_NAME = "$(TARGET_NAME)";
				SWIFT_EMIT_LOC_STRINGS = YES;
				SWIFT_VERSION = 5.0;
				TARGETED_DEVICE_FAMILY = "1,2";
			};
			name = Release;
		};
		947BD2352CD8087600DF4E89 /* Debug */ = {
			isa = XCBuildConfiguration;
			buildSettings = {
				BUNDLE_LOADER = "$(TEST_HOST)";
				CODE_SIGN_STYLE = Automatic;
				CURRENT_PROJECT_VERSION = 1;
				GENERATE_INFOPLIST_FILE = YES;
				IPHONEOS_DEPLOYMENT_TARGET = 18.1;
				MARKETING_VERSION = 1.0;
				PRODUCT_BUNDLE_IDENTIFIER = HaphazardDevelopment.NavigationTestingTests;
				PRODUCT_NAME = "$(TARGET_NAME)";
				SWIFT_EMIT_LOC_STRINGS = NO;
				SWIFT_VERSION = 5.0;
				TARGETED_DEVICE_FAMILY = "1,2";
				TEST_HOST = "$(BUILT_PRODUCTS_DIR)/NavigationTesting.app/$(BUNDLE_EXECUTABLE_FOLDER_PATH)/NavigationTesting";
			};
			name = Debug;
		};
		947BD2362CD8087600DF4E89 /* Release */ = {
			isa = XCBuildConfiguration;
			buildSettings = {
				BUNDLE_LOADER = "$(TEST_HOST)";
				CODE_SIGN_STYLE = Automatic;
				CURRENT_PROJECT_VERSION = 1;
				GENERATE_INFOPLIST_FILE = YES;
				IPHONEOS_DEPLOYMENT_TARGET = 18.1;
				MARKETING_VERSION = 1.0;
				PRODUCT_BUNDLE_IDENTIFIER = HaphazardDevelopment.NavigationTestingTests;
				PRODUCT_NAME = "$(TARGET_NAME)";
				SWIFT_EMIT_LOC_STRINGS = NO;
				SWIFT_VERSION = 5.0;
				TARGETED_DEVICE_FAMILY = "1,2";
				TEST_HOST = "$(BUILT_PRODUCTS_DIR)/NavigationTesting.app/$(BUNDLE_EXECUTABLE_FOLDER_PATH)/NavigationTesting";
			};
			name = Release;
		};
		947BD2382CD8087600DF4E89 /* Debug */ = {
			isa = XCBuildConfiguration;
			buildSettings = {
				CODE_SIGN_STYLE = Automatic;
				CURRENT_PROJECT_VERSION = 1;
				GENERATE_INFOPLIST_FILE = YES;
				MARKETING_VERSION = 1.0;
				PRODUCT_BUNDLE_IDENTIFIER = HaphazardDevelopment.NavigationTestingUITests;
				PRODUCT_NAME = "$(TARGET_NAME)";
				SWIFT_EMIT_LOC_STRINGS = NO;
				SWIFT_VERSION = 5.0;
				TARGETED_DEVICE_FAMILY = "1,2";
				TEST_TARGET_NAME = NavigationTesting;
			};
			name = Debug;
		};
		947BD2392CD8087600DF4E89 /* Release */ = {
			isa = XCBuildConfiguration;
			buildSettings = {
				CODE_SIGN_STYLE = Automatic;
				CURRENT_PROJECT_VERSION = 1;
				GENERATE_INFOPLIST_FILE = YES;
				MARKETING_VERSION = 1.0;
				PRODUCT_BUNDLE_IDENTIFIER = HaphazardDevelopment.NavigationTestingUITests;
				PRODUCT_NAME = "$(TARGET_NAME)";
				SWIFT_EMIT_LOC_STRINGS = NO;
				SWIFT_VERSION = 5.0;
				TARGETED_DEVICE_FAMILY = "1,2";
				TEST_TARGET_NAME = NavigationTesting;
			};
			name = Release;
		};
/* End XCBuildConfiguration section */

/* Begin XCConfigurationList section */
		947BD2082CD8087400DF4E89 /* Build configuration list for PBXProject "NavigationTesting" */ = {
			isa = XCConfigurationList;
			buildConfigurations = (
				947BD22F2CD8087600DF4E89 /* Debug */,
				947BD2302CD8087600DF4E89 /* Release */,
			);
			defaultConfigurationIsVisible = 0;
			defaultConfigurationName = Release;
		};
		947BD2312CD8087600DF4E89 /* Build configuration list for PBXNativeTarget "NavigationTesting" */ = {
			isa = XCConfigurationList;
			buildConfigurations = (
				947BD2322CD8087600DF4E89 /* Debug */,
				947BD2332CD8087600DF4E89 /* Release */,
			);
			defaultConfigurationIsVisible = 0;
			defaultConfigurationName = Release;
		};
		947BD2342CD8087600DF4E89 /* Build configuration list for PBXNativeTarget "NavigationTestingTests" */ = {
			isa = XCConfigurationList;
			buildConfigurations = (
				947BD2352CD8087600DF4E89 /* Debug */,
				947BD2362CD8087600DF4E89 /* Release */,
			);
			defaultConfigurationIsVisible = 0;
			defaultConfigurationName = Release;
		};
		947BD2372CD8087600DF4E89 /* Build configuration list for PBXNativeTarget "NavigationTestingUITests" */ = {
			isa = XCConfigurationList;
			buildConfigurations = (
				947BD2382CD8087600DF4E89 /* Debug */,
				947BD2392CD8087600DF4E89 /* Release */,
			);
			defaultConfigurationIsVisible = 0;
			defaultConfigurationName = Release;
		};
/* End XCConfigurationList section */
	};
	rootObject = 947BD2052CD8087400DF4E89 /* Project object */;
}
